# This file is generated by running "yarn install" inside your project.
# Manual changes might be lost - proceed with caution!

__metadata:
  version: 6
  cacheKey: 8

"@codemirror/autocomplete@npm:^6.0.0":
  version: 6.3.0
  resolution: "@codemirror/autocomplete@npm:6.3.0"
  dependencies:
    "@codemirror/language": ^6.0.0
    "@codemirror/state": ^6.0.0
    "@codemirror/view": ^6.0.0
    "@lezer/common": ^1.0.0
  peerDependencies:
    "@codemirror/language": ^6.0.0
    "@codemirror/state": ^6.0.0
    "@codemirror/view": ^6.0.0
    "@lezer/common": ^1.0.0
  checksum: 903b24732230ce3713e5be2bea615ef11f42b6253859274b37206a7158b8f7aed1700c9013d9330665c16d6f9576fd71efb686b4def4434e29b5c1e4e15520dc
  languageName: node
  linkType: hard

"@codemirror/commands@npm:^6.0.0":
  version: 6.1.2
  resolution: "@codemirror/commands@npm:6.1.2"
  dependencies:
    "@codemirror/language": ^6.0.0
    "@codemirror/state": ^6.0.0
    "@codemirror/view": ^6.0.0
    "@lezer/common": ^1.0.0
  checksum: 3e00b02ea12a5bb8a07162aea006e13e6dcbf9be8535e2fd645dd75634f39d8de2d18bb6ccf302fd22bd0956e38490ccf0bafc60d44945df19e449876b09a0df
  languageName: node
  linkType: hard

"@codemirror/language@npm:^6.0.0":
  version: 6.3.0
  resolution: "@codemirror/language@npm:6.3.0"
  dependencies:
    "@codemirror/state": ^6.0.0
    "@codemirror/view": ^6.0.0
    "@lezer/common": ^1.0.0
    "@lezer/highlight": ^1.0.0
    "@lezer/lr": ^1.0.0
    style-mod: ^4.0.0
  checksum: 996d6aad1a4cfb455f3459951d5ecfb67ff5240cc29397b3b801e569fcda24f87364aa7e42b63e85ecf62af80eaecd01258303dbf5b5f0b1eba31daa9a5bd258
  languageName: node
  linkType: hard

"@codemirror/lint@npm:^6.0.0":
  version: 6.0.0
  resolution: "@codemirror/lint@npm:6.0.0"
  dependencies:
    "@codemirror/state": ^6.0.0
    "@codemirror/view": ^6.0.0
    crelt: ^1.0.5
  checksum: e1da165ad3a60c70e99c2d26a3ae3beb8392600a9147d15502c740d9259ef3d866c78f7dd2b5b1389153bf015c9c2bc115026d5c9f4433ca647679a1f095cc40
  languageName: node
  linkType: hard

"@codemirror/search@npm:^6.0.0":
  version: 6.2.2
  resolution: "@codemirror/search@npm:6.2.2"
  dependencies:
    "@codemirror/state": ^6.0.0
    "@codemirror/view": ^6.0.0
    crelt: ^1.0.5
  checksum: ef5cdbd64a224a0f0ff7a12fa7500f79141d907f850835a2ae78c0a335fb95cd9dd7b0214afadb5aa190f7b34659cb6079da631e3393095b43218abbd6a4317c
  languageName: node
  linkType: hard

"@codemirror/state@npm:^6.0.0":
  version: 6.1.2
  resolution: "@codemirror/state@npm:6.1.2"
  checksum: 7eda4b3eb6a777fecaa5a62e95a162aa163ccff01913d21a88d1157247390d9b57e6bcf54738be0b98aff8ba3a6ec3cb7aeb3b9714b019cb6c05242da9d9fdfe
  languageName: node
  linkType: hard

"@codemirror/theme-one-dark@npm:^6.1.0":
  version: 6.1.0
  resolution: "@codemirror/theme-one-dark@npm:6.1.0"
  dependencies:
    "@codemirror/language": ^6.0.0
    "@codemirror/state": ^6.0.0
    "@codemirror/view": ^6.0.0
    "@lezer/highlight": ^1.0.0
  checksum: 7454742006f0ea23ed36b1c8e232d55bd1cdf6cd3c9b5ad7f7212a4b5fe7907eecaeb1d908fed2022c2ca5d667176c93e9f071c939d54449cfe740dc028a16d8
  languageName: node
  linkType: hard

"@codemirror/view@npm:^6.0.0":
  version: 6.4.1
  resolution: "@codemirror/view@npm:6.4.1"
  dependencies:
    "@codemirror/state": ^6.0.0
    style-mod: ^4.0.0
    w3c-keyname: ^2.2.4
  checksum: 51f8e9bf1701cd490708784fd42a90dd9b2ad84aaebfacdbcfa9093e7f99ded38093ac49bc9eb037924b7734a58ed854a19621d931cce3f7962c2a0b30fecc23
  languageName: node
  linkType: hard

"@lezer/common@npm:^1.0.0":
  version: 1.0.1
  resolution: "@lezer/common@npm:1.0.1"
  checksum: 05bda2b0b90713a511502e1e0c67842996cb86415cd701c46eb49f8fa117552229a4bc7244f1e8e0025e3563294a52911eebd70d06a4bc987280fca5d148c34b
  languageName: node
  linkType: hard

"@lezer/highlight@npm:^1.0.0":
  version: 1.1.2
  resolution: "@lezer/highlight@npm:1.1.2"
  dependencies:
    "@lezer/common": ^1.0.0
  checksum: b974c3f43c4338840f7f6110948d5f69ba8ce9d58b75e493bbef5183d63b3b531a1416398e9c7844914d134ea4e9ae717fae240629d937554fcc4cf1ab5385e8
  languageName: node
  linkType: hard

"@lezer/lr@npm:^1.0.0":
  version: 1.2.4
  resolution: "@lezer/lr@npm:1.2.4"
  dependencies:
    "@lezer/common": ^1.0.0
  checksum: c3351c7e51692591abf84bdcf881a6c7547861b26f3f783ec75ead37d976dc21ec43ccdac315cb6cdfd9295b58db55bb42da3dd53ea05836a9f7f9e49c2d4c91
  languageName: node
  linkType: hard

"assets@workspace:.":
  version: 0.0.0-use.local
  resolution: "assets@workspace:."
  dependencies:
    "@codemirror/language": ^6.0.0
    "@codemirror/theme-one-dark": ^6.1.0
    codemirror: ^6.0.1
    codemirror-lang-elixir: ^3.0.0
    phoenix: "file:../deps/phoenix"
    phoenix_html: "file:../deps/phoenix_html"
    phoenix_live_view: "file:../deps/phoenix_live_view"
  languageName: unknown
  linkType: soft

"codemirror-lang-elixir@npm:^3.0.0":
  version: 3.0.0
  resolution: "codemirror-lang-elixir@npm:3.0.0"
  peerDependencies:
    "@codemirror/language": ^6.2.1
  checksum: 3c72f039e8447dabd201969687ff5cb4ab6e51c2738fed6ab923936836901f0c8d9a334606bc87e1675b73aa57760a8af19e9030dae7c3b620fd170e8cf32915
  languageName: node
  linkType: hard

"codemirror@npm:^6.0.1":
  version: 6.0.1
  resolution: "codemirror@npm:6.0.1"
  dependencies:
    "@codemirror/autocomplete": ^6.0.0
    "@codemirror/commands": ^6.0.0
    "@codemirror/language": ^6.0.0
    "@codemirror/lint": ^6.0.0
    "@codemirror/search": ^6.0.0
    "@codemirror/state": ^6.0.0
    "@codemirror/view": ^6.0.0
  checksum: 1a78f7077ac5801bdbff162aa0c61bf2b974603c7e9a477198c3ce50c789af674a061d7c293c58b73807eda345c2b5228c38ad2aabb9319d552d5486f785cbef
  languageName: node
  linkType: hard

"crelt@npm:^1.0.5":
  version: 1.0.5
  resolution: "crelt@npm:1.0.5"
  checksum: 04a618c5878e12a14a9a328a49ff6e37bed76abb88b72e661c56b5f161d8a9aca133650da6bcbc5224ad1f7f43a69325627f209e92a21002986d52a8f844b367
  languageName: node
  linkType: hard

"phoenix@file:../deps/phoenix::locator=assets%40workspace%3A.":
  version: 1.6.11
  resolution: "phoenix@file:../deps/phoenix#../deps/phoenix::hash=320851&locator=assets%40workspace%3A."
  checksum: a39c430dc7405aaea6d03b0d75fbe6c4d41458a6a3603ce71347fffbd6fcb170ef966f6326b9daf9a4af7bac3a7bc224c19cddbcde885ce77953a00620649798
  languageName: node
  linkType: hard

"phoenix_html@file:../deps/phoenix_html::locator=assets%40workspace%3A.":
  version: 3.2.0
  resolution: "phoenix_html@file:../deps/phoenix_html#../deps/phoenix_html::hash=9efbf7&locator=assets%40workspace%3A."
  checksum: b48f77802705cf87c6d0bc5af6c64178db7b10aa8d98be376933ee531f8b4bb21a262f5b40ffbcc07514e657eb4e292ccc4d5d48acf12fd70a94f04a6664a432
  languageName: node
  linkType: hard

"phoenix_live_view@file:../deps/phoenix_live_view::locator=assets%40workspace%3A.":
  version: 0.17.11
  resolution: "phoenix_live_view@file:../deps/phoenix_live_view#../deps/phoenix_live_view::hash=642433&locator=assets%40workspace%3A."
  checksum: a573842709da4c24c0addb4c7a88de65fda0e40636f9d58b116559ca207afd2c7d498370f285bd4b22286fb8cf10e771fb262c18f276e328e30c87d7c202cd68
  languageName: node
  linkType: hard

"style-mod@npm:^4.0.0":
  version: 4.0.0
  resolution: "style-mod@npm:4.0.0"
  checksum: c19f73d660a94244f0715180a6141bf75d05e5b156cc956ba11970b83cd303c3f7edafe5fb61a3192da6186cc008bdcdd803a979070f9b64e13046463644043c
  languageName: node
  linkType: hard

"w3c-keyname@npm:^2.2.4":
  version: 2.2.6
  resolution: "w3c-keyname@npm:2.2.6"
  checksum: 59a31d23ca9953c01c99ed6695fee5b6ea36eb2412d76a21fe4302ab33a3f5cd96c006a763940b6115c3d042c16d3564eeee1156832217d028af0518098b3a42
  languageName: node
  linkType: hard
